<Solution>
  <Project Path="ParallelProgrammingAndConcurrency.ChapterOne/ParallelProgrammingAndConcurrency.ChapterOne.csproj" />
  <Project Path="ParallelProgrammingAndConcurrency.ChapterTwo/ParallelProgrammingAndConcurrency.ChapterTwo.csproj" Id="7c80e1d9-1f1b-48d0-ac48-02d8c9866182" />
</Solution>
