<Solution>
  <Project Path="D:/Projects/ParallelProgrammingAndConcurrencyBookCodes/ParallelProgrammingAndConcurrency/ParallelProgrammingAndConcurrency.ChapterOne/ParallelProgrammingAndConcurrency.ChapterOne.csproj" />
  <Project Path="D:/Projects/ParallelProgrammingAndConcurrencyBookCodes/ParallelProgrammingAndConcurrency/ParallelProgrammingAndConcurrency.ChapterThree/ParallelProgrammingAndConcurrency.ChapterThree.csproj" Id="a3807126-b509-4ff6-9595-b9eeba3ffa60" />
  <Project Path="D:/Projects/ParallelProgrammingAndConcurrencyBookCodes/ParallelProgrammingAndConcurrency/ParallelProgrammingAndConcurrency.ChapterTwo/ParallelProgrammingAndConcurrency.ChapterTwo.csproj" Id="7c80e1d9-1f1b-48d0-ac48-02d8c9866182" />
</Solution>
